
Microsoft Visual Studio Solution File, Format Version 12.00
# Visual Studio Version 17
VisualStudioVersion = 17.5.002.0
MinimumVisualStudioVersion = 10.0.40219.1
Project("{9A19103F-16F7-4668-BE54-9A1E7A4F7556}") = "CSE210-05", "CSE210-05.csproj", "{74DC758C-EB2A-4443-AA41-86BD8D691A91}"
EndProject
Global
	GlobalSection(SolutionConfigurationPlatforms) = preSolution
		Debug|Any CPU = Debug|Any CPU
		Release|Any CPU = Release|Any CPU
	EndGlobalSection
	GlobalSection(ProjectConfigurationPlatforms) = postSolution
		{74DC758C-EB2A-4443-AA41-86BD8D691A91}.Debug|Any CPU.ActiveCfg = Debug|Any CPU
		{74DC758C-EB2A-4443-AA41-86BD8D691A91}.Debug|Any CPU.Build.0 = Debug|Any CPU
		{74DC758C-EB2A-4443-AA41-86BD8D691A91}.Release|Any CPU.ActiveCfg = Release|Any CPU
		{74DC758C-EB2A-4443-AA41-86BD8D691A91}.Release|Any CPU.Build.0 = Release|Any CPU
	EndGlobalSection
	GlobalSection(SolutionProperties) = preSolution
		HideSolutionNode = FALSE
	EndGlobalSection
	GlobalSection(ExtensibilityGlobals) = postSolution
		SolutionGuid = {F2BF22FC-3A34-4539-944B-0AC77515BBA0}
	EndGlobalSection
EndGlobal
